
Microsoft Visual Studio Solution File, Format Version 12.00
# Visual Studio 15
VisualStudioVersion = 15.0.27004.2002
MinimumVisualStudioVersion = 10.0.40219.1
Project("{F2A71F9B-5D33-465A-A702-920D77279786}") = "FcScorchedEarth", "FcScorchedEarth\FcScorchedEarth.fsproj", "{450E5E34-3422-4FBB-A3BA-AC7EA9BAF534}"
EndProject
Global
	GlobalSection(SolutionConfigurationPlatforms) = preSolution
		Debug|Any CPU = Debug|Any CPU
		Release|Any CPU = Release|Any CPU
	EndGlobalSection
	GlobalSection(ProjectConfigurationPlatforms) = postSolution
		{450E5E34-3422-4FBB-A3BA-AC7EA9BAF534}.Debug|Any CPU.ActiveCfg = Debug|Any CPU
		{450E5E34-3422-4FBB-A3BA-AC7EA9BAF534}.Debug|Any CPU.Build.0 = Debug|Any CPU
		{450E5E34-3422-4FBB-A3BA-AC7EA9BAF534}.Release|Any CPU.ActiveCfg = Release|Any CPU
		{450E5E34-3422-4FBB-A3BA-AC7EA9BAF534}.Release|Any CPU.Build.0 = Release|Any CPU
	EndGlobalSection
	GlobalSection(SolutionProperties) = preSolution
		HideSolutionNode = FALSE
	EndGlobalSection
	GlobalSection(ExtensibilityGlobals) = postSolution
		SolutionGuid = {92A28B45-857D-4083-B5CD-BD70C534AFA9}
	EndGlobalSection
EndGlobal
